
Microsoft Visual Studio Solution File, Format Version 12.00
# Visual Studio Version 16
VisualStudioVersion = 16.0.29403.142
MinimumVisualStudioVersion = 10.0.40219.1
Project("{9A19103F-16F7-4668-BE54-9A1E7A4F7556}") = "VestaTV.Cabel.DAL", "VestaTV.Cabel.DAL\VestaTV.Cabel.DAL.csproj", "{CB2FC0B2-A4F5-441D-A0C9-87CDD9023872}"
EndProject
Project("{9A19103F-16F7-4668-BE54-9A1E7A4F7556}") = "VestaTV.Cabel.API", "VestaTV.Cabel.API\VestaTV.Cabel.API.csproj", "{8848CD6E-49A0-4C00-A50C-DB96782A7278}"
EndProject
Project("{2150E333-8FDC-42A3-9474-1A3956D46DE8}") = "Solution Items", "Solution Items", "{D9894D1A-611B-48F1-AAAE-9B16D6930CB9}"
	ProjectSection(SolutionItems) = preProject
		.travis.yml = .travis.yml
	EndProjectSection
EndProject
Project("{9A19103F-16F7-4668-BE54-9A1E7A4F7556}") = "VestaTV.Cabel.Core", "VestaTV.Cabel.Core\VestaTV.Cabel.Core.csproj", "{FE233081-0914-4683-ACC3-DEA20AFE9C06}"
EndProject
Project("{FAE04EC0-301F-11D3-BF4B-00C04F79EFBC}") = "VestaTV.Cable.BLL", "VestaTV.Cable.BLL\VestaTV.Cable.BLL.csproj", "{CF7D1EBA-6499-4017-A1E9-9FF71D2CE94D}"
EndProject
Project("{FAE04EC0-301F-11D3-BF4B-00C04F79EFBC}") = "VestaTV.Cabel.BLL.Tests", "VestaTV.Cabel.BLL.Tests\VestaTV.Cabel.BLL.Tests.csproj", "{09BE8E12-394A-4E7B-8E30-F7EC3C5323C0}"
EndProject
Global
	GlobalSection(SolutionConfigurationPlatforms) = preSolution
		Debug|Any CPU = Debug|Any CPU
		Release|Any CPU = Release|Any CPU
	EndGlobalSection
	GlobalSection(ProjectConfigurationPlatforms) = postSolution
		{CB2FC0B2-A4F5-441D-A0C9-87CDD9023872}.Debug|Any CPU.ActiveCfg = Debug|Any CPU
		{CB2FC0B2-A4F5-441D-A0C9-87CDD9023872}.Debug|Any CPU.Build.0 = Debug|Any CPU
		{CB2FC0B2-A4F5-441D-A0C9-87CDD9023872}.Release|Any CPU.ActiveCfg = Release|Any CPU
		{CB2FC0B2-A4F5-441D-A0C9-87CDD9023872}.Release|Any CPU.Build.0 = Release|Any CPU
		{8848CD6E-49A0-4C00-A50C-DB96782A7278}.Debug|Any CPU.ActiveCfg = Debug|Any CPU
		{8848CD6E-49A0-4C00-A50C-DB96782A7278}.Debug|Any CPU.Build.0 = Debug|Any CPU
		{8848CD6E-49A0-4C00-A50C-DB96782A7278}.Release|Any CPU.ActiveCfg = Release|Any CPU
		{8848CD6E-49A0-4C00-A50C-DB96782A7278}.Release|Any CPU.Build.0 = Release|Any CPU
		{FE233081-0914-4683-ACC3-DEA20AFE9C06}.Debug|Any CPU.ActiveCfg = Debug|Any CPU
		{FE233081-0914-4683-ACC3-DEA20AFE9C06}.Debug|Any CPU.Build.0 = Debug|Any CPU
		{FE233081-0914-4683-ACC3-DEA20AFE9C06}.Release|Any CPU.ActiveCfg = Release|Any CPU
		{FE233081-0914-4683-ACC3-DEA20AFE9C06}.Release|Any CPU.Build.0 = Release|Any CPU
		{CF7D1EBA-6499-4017-A1E9-9FF71D2CE94D}.Debug|Any CPU.ActiveCfg = Debug|Any CPU
		{CF7D1EBA-6499-4017-A1E9-9FF71D2CE94D}.Debug|Any CPU.Build.0 = Debug|Any CPU
		{CF7D1EBA-6499-4017-A1E9-9FF71D2CE94D}.Release|Any CPU.ActiveCfg = Release|Any CPU
		{CF7D1EBA-6499-4017-A1E9-9FF71D2CE94D}.Release|Any CPU.Build.0 = Release|Any CPU
		{09BE8E12-394A-4E7B-8E30-F7EC3C5323C0}.Debug|Any CPU.ActiveCfg = Debug|Any CPU
		{09BE8E12-394A-4E7B-8E30-F7EC3C5323C0}.Debug|Any CPU.Build.0 = Debug|Any CPU
		{09BE8E12-394A-4E7B-8E30-F7EC3C5323C0}.Release|Any CPU.ActiveCfg = Release|Any CPU
		{09BE8E12-394A-4E7B-8E30-F7EC3C5323C0}.Release|Any CPU.Build.0 = Release|Any CPU
	EndGlobalSection
	GlobalSection(SolutionProperties) = preSolution
		HideSolutionNode = FALSE
	EndGlobalSection
	GlobalSection(ExtensibilityGlobals) = postSolution
		SolutionGuid = {087999D5-F075-45EE-BAA1-7EDFC5246CF7}
	EndGlobalSection
EndGlobal
